
Microsoft Visual Studio Solution File, Format Version 12.00
# Visual Studio Version 17
VisualStudioVersion = 17.6.33829.357
MinimumVisualStudioVersion = 10.0.40219.1
Project("{FAE04EC0-301F-11D3-BF4B-00C04F79EFBC}") = "Delegates,event and exception handling", "Delegates,event and exception handling.csproj", "{BEF6032B-768B-41B8-A03C-F48388E2028C}"
EndProject
Global
	GlobalSection(SolutionConfigurationPlatforms) = preSolution
		Debug|Any CPU = Debug|Any CPU
		Release|Any CPU = Release|Any CPU
	EndGlobalSection
	GlobalSection(ProjectConfigurationPlatforms) = postSolution
		{BEF6032B-768B-41B8-A03C-F48388E2028C}.Debug|Any CPU.ActiveCfg = Debug|Any CPU
		{BEF6032B-768B-41B8-A03C-F48388E2028C}.Debug|Any CPU.Build.0 = Debug|Any CPU
		{BEF6032B-768B-41B8-A03C-F48388E2028C}.Release|Any CPU.ActiveCfg = Release|Any CPU
		{BEF6032B-768B-41B8-A03C-F48388E2028C}.Release|Any CPU.Build.0 = Release|Any CPU
	EndGlobalSection
	GlobalSection(SolutionProperties) = preSolution
		HideSolutionNode = FALSE
	EndGlobalSection
	GlobalSection(ExtensibilityGlobals) = postSolution
		SolutionGuid = {2A089EAB-01DE-43F4-BCB5-91651D9CC2F0}
	EndGlobalSection
EndGlobal
